// !$*UTF8*$!
{
	archiveVersion = 1;
	classes = {
	};
	objectVersion = 50;
	objects = {

/* Begin PBXBuildFile section */
		4703837E24347E6F00F7D1A3 /* AppDelegate.swift in Sources */ = {isa = PBXBuildFile; fileRef = 4703837D24347E6F00F7D1A3 /* AppDelegate.swift */; };
		4703838024347E6F00F7D1A3 /* SceneDelegate.swift in Sources */ = {isa = PBXBuildFile; fileRef = 4703837F24347E6F00F7D1A3 /* SceneDelegate.swift */; };
		4703838224347E6F00F7D1A3 /* ContentView.swift in Sources */ = {isa = PBXBuildFile; fileRef = 4703838124347E6F00F7D1A3 /* ContentView.swift */; };
		4703838424347E7500F7D1A3 /* Assets.xcassets in Resources */ = {isa = PBXBuildFile; fileRef = 4703838324347E7500F7D1A3 /* Assets.xcassets */; };
		4703838724347E7500F7D1A3 /* Preview Assets.xcassets in Resources */ = {isa = PBXBuildFile; fileRef = 4703838624347E7500F7D1A3 /* Preview Assets.xcassets */; };
		4703838A24347E7500F7D1A3 /* LaunchScreen.storyboard in Resources */ = {isa = PBXBuildFile; fileRef = 4703838824347E7500F7D1A3 /* LaunchScreen.storyboard */; };
		4703839524347E7500F7D1A3 /* SwiftUIDamoTests.swift in Sources */ = {isa = PBXBuildFile; fileRef = 4703839424347E7500F7D1A3 /* SwiftUIDamoTests.swift */; };
		470383A024347E7500F7D1A3 /* SwiftUIDamoUITests.swift in Sources */ = {isa = PBXBuildFile; fileRef = 4703839F24347E7500F7D1A3 /* SwiftUIDamoUITests.swift */; };
		470383B224347FF900F7D1A3 /* IMG_0675.jpg in Resources */ = {isa = PBXBuildFile; fileRef = 470383AE24347FF900F7D1A3 /* IMG_0675.jpg */; };
		470383B324347FF900F7D1A3 /* IMG_0676.jpg in Resources */ = {isa = PBXBuildFile; fileRef = 470383AF24347FF900F7D1A3 /* IMG_0676.jpg */; };
		470383B424347FF900F7D1A3 /* IMG_0677.jpg in Resources */ = {isa = PBXBuildFile; fileRef = 470383B024347FF900F7D1A3 /* IMG_0677.jpg */; };
		470383B524347FF900F7D1A3 /* IMG_0674.jpg in Resources */ = {isa = PBXBuildFile; fileRef = 470383B124347FF900F7D1A3 /* IMG_0674.jpg */; };
		470383BA2434800B00F7D1A3 /* IMG_0588.jpg in Resources */ = {isa = PBXBuildFile; fileRef = 470383B62434800A00F7D1A3 /* IMG_0588.jpg */; };
		470383BB2434800B00F7D1A3 /* IMG_0592.jpg in Resources */ = {isa = PBXBuildFile; fileRef = 470383B72434800A00F7D1A3 /* IMG_0592.jpg */; };
		470383BC2434800B00F7D1A3 /* IMG_0672.jpg in Resources */ = {isa = PBXBuildFile; fileRef = 470383B82434800A00F7D1A3 /* IMG_0672.jpg */; };
		470383BD2434800B00F7D1A3 /* IMG_0625.jpg in Resources */ = {isa = PBXBuildFile; fileRef = 470383B92434800A00F7D1A3 /* IMG_0625.jpg */; };
/* End PBXBuildFile section */

/* Begin PBXContainerItemProxy section */
		4703839124347E7500F7D1A3 /* PBXContainerItemProxy */ = {
			isa = PBXContainerItemProxy;
			containerPortal = 4703837224347E6F00F7D1A3 /* Project object */;
			proxyType = 1;
			remoteGlobalIDString = 4703837924347E6F00F7D1A3;
			remoteInfo = SwiftUIDamo;
		};
		4703839C24347E7500F7D1A3 /* PBXContainerItemProxy */ = {
			isa = PBXContainerItemProxy;
			containerPortal = 4703837224347E6F00F7D1A3 /* Project object */;
			proxyType = 1;
			remoteGlobalIDString = 4703837924347E6F00F7D1A3;
			remoteInfo = SwiftUIDamo;
		};
/* End PBXContainerItemProxy section */

/* Begin PBXFileReference section */
		4703837A24347E6F00F7D1A3 /* SwiftUIDamo.app */ = {isa = PBXFileReference; explicitFileType = wrapper.application; includeInIndex = 0; path = SwiftUIDamo.app; sourceTree = BUILT_PRODUCTS_DIR; };
		4703837D24347E6F00F7D1A3 /* AppDelegate.swift */ = {isa = PBXFileReference; lastKnownFileType = sourcecode.swift; path = AppDelegate.swift; sourceTree = "<group>"; };
		4703837F24347E6F00F7D1A3 /* SceneDelegate.swift */ = {isa = PBXFileReference; lastKnownFileType = sourcecode.swift; path = SceneDelegate.swift; sourceTree = "<group>"; };
		4703838124347E6F00F7D1A3 /* ContentView.swift */ = {isa = PBXFileReference; lastKnownFileType = sourcecode.swift; path = ContentView.swift; sourceTree = "<group>"; };
		4703838324347E7500F7D1A3 /* Assets.xcassets */ = {isa = PBXFileReference; lastKnownFileType = folder.assetcatalog; path = Assets.xcassets; sourceTree = "<group>"; };
		4703838624347E7500F7D1A3 /* Preview Assets.xcassets */ = {isa = PBXFileReference; lastKnownFileType = folder.assetcatalog; path = "Preview Assets.xcassets"; sourceTree = "<group>"; };
		4703838924347E7500F7D1A3 /* Base */ = {isa = PBXFileReference; lastKnownFileType = file.storyboard; name = Base; path = Base.lproj/LaunchScreen.storyboard; sourceTree = "<group>"; };
		4703838B24347E7500F7D1A3 /* Info.plist */ = {isa = PBXFileReference; lastKnownFileType = text.plist.xml; path = Info.plist; sourceTree = "<group>"; };
		4703839024347E7500F7D1A3 /* SwiftUIDamoTests.xctest */ = {isa = PBXFileReference; explicitFileType = wrapper.cfbundle; includeInIndex = 0; path = SwiftUIDamoTests.xctest; sourceTree = BUILT_PRODUCTS_DIR; };
		4703839424347E7500F7D1A3 /* SwiftUIDamoTests.swift */ = {isa = PBXFileReference; lastKnownFileType = sourcecode.swift; path = SwiftUIDamoTests.swift; sourceTree = "<group>"; };
		4703839624347E7500F7D1A3 /* Info.plist */ = {isa = PBXFileReference; lastKnownFileType = text.plist.xml; path = Info.plist; sourceTree = "<group>"; };
		4703839B24347E7500F7D1A3 /* SwiftUIDamoUITests.xctest */ = {isa = PBXFileReference; explicitFileType = wrapper.cfbundle; includeInIndex = 0; path = SwiftUIDamoUITests.xctest; sourceTree = BUILT_PRODUCTS_DIR; };
		4703839F24347E7500F7D1A3 /* SwiftUIDamoUITests.swift */ = {isa = PBXFileReference; lastKnownFileType = sourcecode.swift; path = SwiftUIDamoUITests.swift; sourceTree = "<group>"; };
		470383A124347E7500F7D1A3 /* Info.plist */ = {isa = PBXFileReference; lastKnownFileType = text.plist.xml; path = Info.plist; sourceTree = "<group>"; };
		470383AE24347FF900F7D1A3 /* IMG_0675.jpg */ = {isa = PBXFileReference; lastKnownFileType = image.jpeg; path = IMG_0675.jpg; sourceTree = "<group>"; };
		470383AF24347FF900F7D1A3 /* IMG_0676.jpg */ = {isa = PBXFileReference; lastKnownFileType = image.jpeg; path = IMG_0676.jpg; sourceTree = "<group>"; };
		470383B024347FF900F7D1A3 /* IMG_0677.jpg */ = {isa = PBXFileReference; lastKnownFileType = image.jpeg; path = IMG_0677.jpg; sourceTree = "<group>"; };
		470383B124347FF900F7D1A3 /* IMG_0674.jpg */ = {isa = PBXFileReference; lastKnownFileType = image.jpeg; path = IMG_0674.jpg; sourceTree = "<group>"; };
		470383B62434800A00F7D1A3 /* IMG_0588.jpg */ = {isa = PBXFileReference; lastKnownFileType = image.jpeg; path = IMG_0588.jpg; sourceTree = "<group>"; };
		470383B72434800A00F7D1A3 /* IMG_0592.jpg */ = {isa = PBXFileReference; lastKnownFileType = image.jpeg; path = IMG_0592.jpg; sourceTree = "<group>"; };
		470383B82434800A00F7D1A3 /* IMG_0672.jpg */ = {isa = PBXFileReference; lastKnownFileType = image.jpeg; path = IMG_0672.jpg; sourceTree = "<group>"; };
		470383B92434800A00F7D1A3 /* IMG_0625.jpg */ = {isa = PBXFileReference; lastKnownFileType = image.jpeg; path = IMG_0625.jpg; sourceTree = "<group>"; };
/* End PBXFileReference section */

/* Begin PBXFrameworksBuildPhase section */
		4703837724347E6F00F7D1A3 /* Frameworks */ = {
			isa = PBXFrameworksBuildPhase;
			buildActionMask = 2147483647;
			files = (
			);
			runOnlyForDeploymentPostprocessing = 0;
		};
		4703838D24347E7500F7D1A3 /* Frameworks */ = {
			isa = PBXFrameworksBuildPhase;
			buildActionMask = 2147483647;
			files = (
			);
			runOnlyForDeploymentPostprocessing = 0;
		};
		4703839824347E7500F7D1A3 /* Frameworks */ = {
			isa = PBXFrameworksBuildPhase;
			buildActionMask = 2147483647;
			files = (
			);
			runOnlyForDeploymentPostprocessing = 0;
		};
/* End PBXFrameworksBuildPhase section */

/* Begin PBXGroup section */
		4703837124347E6F00F7D1A3 = {
			isa = PBXGroup;
			children = (
				4703837C24347E6F00F7D1A3 /* SwiftUIDamo */,
				4703839324347E7500F7D1A3 /* SwiftUIDamoTests */,
				4703839E24347E7500F7D1A3 /* SwiftUIDamoUITests */,
				4703837B24347E6F00F7D1A3 /* Products */,
			);
			sourceTree = "<group>";
		};
		4703837B24347E6F00F7D1A3 /* Products */ = {
			isa = PBXGroup;
			children = (
				4703837A24347E6F00F7D1A3 /* SwiftUIDamo.app */,
				4703839024347E7500F7D1A3 /* SwiftUIDamoTests.xctest */,
				4703839B24347E7500F7D1A3 /* SwiftUIDamoUITests.xctest */,
			);
			name = Products;
			sourceTree = "<group>";
		};
		4703837C24347E6F00F7D1A3 /* SwiftUIDamo */ = {
			isa = PBXGroup;
			children = (
				4703837D24347E6F00F7D1A3 /* AppDelegate.swift */,
				4703837F24347E6F00F7D1A3 /* SceneDelegate.swift */,
				4703838124347E6F00F7D1A3 /* ContentView.swift */,
				4703838324347E7500F7D1A3 /* Assets.xcassets */,
				4703838824347E7500F7D1A3 /* LaunchScreen.storyboard */,
				4703838B24347E7500F7D1A3 /* Info.plist */,
				470383AD24347FD400F7D1A3 /* Images */,
				4703838524347E7500F7D1A3 /* Preview Content */,
			);
			path = SwiftUIDamo;
			sourceTree = "<group>";
		};
		4703838524347E7500F7D1A3 /* Preview Content */ = {
			isa = PBXGroup;
			children = (
				4703838624347E7500F7D1A3 /* Preview Assets.xcassets */,
			);
			path = "Preview Content";
			sourceTree = "<group>";
		};
		4703839324347E7500F7D1A3 /* SwiftUIDamoTests */ = {
			isa = PBXGroup;
			children = (
				4703839424347E7500F7D1A3 /* SwiftUIDamoTests.swift */,
				4703839624347E7500F7D1A3 /* Info.plist */,
			);
			path = SwiftUIDamoTests;
			sourceTree = "<group>";
		};
		4703839E24347E7500F7D1A3 /* SwiftUIDamoUITests */ = {
			isa = PBXGroup;
			children = (
				4703839F24347E7500F7D1A3 /* SwiftUIDamoUITests.swift */,
				470383A124347E7500F7D1A3 /* Info.plist */,
			);
			path = SwiftUIDamoUITests;
			sourceTree = "<group>";
		};
		470383AD24347FD400F7D1A3 /* Images */ = {
			isa = PBXGroup;
			children = (
				470383B62434800A00F7D1A3 /* IMG_0588.jpg */,
				470383B72434800A00F7D1A3 /* IMG_0592.jpg */,
				470383B92434800A00F7D1A3 /* IMG_0625.jpg */,
				470383B82434800A00F7D1A3 /* IMG_0672.jpg */,
				470383B124347FF900F7D1A3 /* IMG_0674.jpg */,
				470383AE24347FF900F7D1A3 /* IMG_0675.jpg */,
				470383AF24347FF900F7D1A3 /* IMG_0676.jpg */,
				470383B024347FF900F7D1A3 /* IMG_0677.jpg */,
			);
			path = Images;
			sourceTree = "<group>";
		};
/* End PBXGroup section */

/* Begin PBXNativeTarget section */
		4703837924347E6F00F7D1A3 /* SwiftUIDamo */ = {
			isa = PBXNativeTarget;
			buildConfigurationList = 470383A424347E7500F7D1A3 /* Build configuration list for PBXNativeTarget "SwiftUIDamo" */;
			buildPhases = (
				4703837624347E6F00F7D1A3 /* Sources */,
				4703837724347E6F00F7D1A3 /* Frameworks */,
				4703837824347E6F00F7D1A3 /* Resources */,
			);
			buildRules = (
			);
			dependencies = (
			);
			name = SwiftUIDamo;
			productName = SwiftUIDamo;
			productReference = 4703837A24347E6F00F7D1A3 /* SwiftUIDamo.app */;
			productType = "com.apple.product-type.application";
		};
		4703838F24347E7500F7D1A3 /* SwiftUIDamoTests */ = {
			isa = PBXNativeTarget;
			buildConfigurationList = 470383A724347E7500F7D1A3 /* Build configuration list for PBXNativeTarget "SwiftUIDamoTests" */;
			buildPhases = (
				4703838C24347E7500F7D1A3 /* Sources */,
				4703838D24347E7500F7D1A3 /* Frameworks */,
				4703838E24347E7500F7D1A3 /* Resources */,
			);
			buildRules = (
			);
			dependencies = (
				4703839224347E7500F7D1A3 /* PBXTargetDependency */,
			);
			name = SwiftUIDamoTests;
			productName = SwiftUIDamoTests;
			productReference = 4703839024347E7500F7D1A3 /* SwiftUIDamoTests.xctest */;
			productType = "com.apple.product-type.bundle.unit-test";
		};
		4703839A24347E7500F7D1A3 /* SwiftUIDamoUITests */ = {
			isa = PBXNativeTarget;
			buildConfigurationList = 470383AA24347E7500F7D1A3 /* Build configuration list for PBXNativeTarget "SwiftUIDamoUITests" */;
			buildPhases = (
				4703839724347E7500F7D1A3 /* Sources */,
				4703839824347E7500F7D1A3 /* Frameworks */,
				4703839924347E7500F7D1A3 /* Resources */,
			);
			buildRules = (
			);
			dependencies = (
				4703839D24347E7500F7D1A3 /* PBXTargetDependency */,
			);
			name = SwiftUIDamoUITests;
			productName = SwiftUIDamoUITests;
			productReference = 4703839B24347E7500F7D1A3 /* SwiftUIDamoUITests.xctest */;
			productType = "com.apple.product-type.bundle.ui-testing";
		};
/* End PBXNativeTarget section */

/* Begin PBXProject section */
		4703837224347E6F00F7D1A3 /* Project object */ = {
			isa = PBXProject;
			attributes = {
				LastSwiftUpdateCheck = 1130;
				LastUpgradeCheck = 1130;
				ORGANIZATIONNAME = "Ajay Lather";
				TargetAttributes = {
					4703837924347E6F00F7D1A3 = {
						CreatedOnToolsVersion = 11.3.1;
					};
					4703838F24347E7500F7D1A3 = {
						CreatedOnToolsVersion = 11.3.1;
						TestTargetID = 4703837924347E6F00F7D1A3;
					};
					4703839A24347E7500F7D1A3 = {
						CreatedOnToolsVersion = 11.3.1;
						TestTargetID = 4703837924347E6F00F7D1A3;
					};
				};
			};
			buildConfigurationList = 4703837524347E6F00F7D1A3 /* Build configuration list for PBXProject "SwiftUIDamo" */;
			compatibilityVersion = "Xcode 9.3";
			developmentRegion = en;
			hasScannedForEncodings = 0;
			knownRegions = (
				en,
				Base,
			);
			mainGroup = 4703837124347E6F00F7D1A3;
			productRefGroup = 4703837B24347E6F00F7D1A3 /* Products */;
			projectDirPath = "";
			projectRoot = "";
			targets = (
				4703837924347E6F00F7D1A3 /* SwiftUIDamo */,
				4703838F24347E7500F7D1A3 /* SwiftUIDamoTests */,
				4703839A24347E7500F7D1A3 /* SwiftUIDamoUITests */,
			);
		};
/* End PBXProject section */

/* Begin PBXResourcesBuildPhase section */
		4703837824347E6F00F7D1A3 /* Resources */ = {
			isa = PBXResourcesBuildPhase;
			buildActionMask = 2147483647;
			files = (
				470383B524347FF900F7D1A3 /* IMG_0674.jpg in Resources */,
				4703838A24347E7500F7D1A3 /* LaunchScreen.storyboard in Resources */,
				470383B424347FF900F7D1A3 /* IMG_0677.jpg in Resources */,
				470383B324347FF900F7D1A3 /* IMG_0676.jpg in Resources */,
				470383BB2434800B00F7D1A3 /* IMG_0592.jpg in Resources */,
				470383BD2434800B00F7D1A3 /* IMG_0625.jpg in Resources */,
				470383BA2434800B00F7D1A3 /* IMG_0588.jpg in Resources */,
				470383BC2434800B00F7D1A3 /* IMG_0672.jpg in Resources */,
				470383B224347FF900F7D1A3 /* IMG_0675.jpg in Resources */,
				4703838724347E7500F7D1A3 /* Preview Assets.xcassets in Resources */,
				4703838424347E7500F7D1A3 /* Assets.xcassets in Resources */,
			);
			runOnlyForDeploymentPostprocessing = 0;
		};
		4703838E24347E7500F7D1A3 /* Resources */ = {
			isa = PBXResourcesBuildPhase;
			buildActionMask = 2147483647;
			files = (
			);
			runOnlyForDeploymentPostprocessing = 0;
		};
		4703839924347E7500F7D1A3 /* Resources */ = {
			isa = PBXResourcesBuildPhase;
			buildActionMask = 2147483647;
			files = (
			);
			runOnlyForDeploymentPostprocessing = 0;
		};
/* End PBXResourcesBuildPhase section */

/* Begin PBXSourcesBuildPhase section */
		4703837624347E6F00F7D1A3 /* Sources */ = {
			isa = PBXSourcesBuildPhase;
			buildActionMask = 2147483647;
			files = (
				4703837E24347E6F00F7D1A3 /* AppDelegate.swift in Sources */,
				4703838024347E6F00F7D1A3 /* SceneDelegate.swift in Sources */,
				4703838224347E6F00F7D1A3 /* ContentView.swift in Sources */,
			);
			runOnlyForDeploymentPostprocessing = 0;
		};
		4703838C24347E7500F7D1A3 /* Sources */ = {
			isa = PBXSourcesBuildPhase;
			buildActionMask = 2147483647;
			files = (
				4703839524347E7500F7D1A3 /* SwiftUIDamoTests.swift in Sources */,
			);
			runOnlyForDeploymentPostprocessing = 0;
		};
		4703839724347E7500F7D1A3 /* Sources */ = {
			isa = PBXSourcesBuildPhase;
			buildActionMask = 2147483647;
			files = (
				470383A024347E7500F7D1A3 /* SwiftUIDamoUITests.swift in Sources */,
			);
			runOnlyForDeploymentPostprocessing = 0;
		};
/* End PBXSourcesBuildPhase section */

/* Begin PBXTargetDependency section */
		4703839224347E7500F7D1A3 /* PBXTargetDependency */ = {
			isa = PBXTargetDependency;
			target = 4703837924347E6F00F7D1A3 /* SwiftUIDamo */;
			targetProxy = 4703839124347E7500F7D1A3 /* PBXContainerItemProxy */;
		};
		4703839D24347E7500F7D1A3 /* PBXTargetDependency */ = {
			isa = PBXTargetDependency;
			target = 4703837924347E6F00F7D1A3 /* SwiftUIDamo */;
			targetProxy = 4703839C24347E7500F7D1A3 /* PBXContainerItemProxy */;
		};
/* End PBXTargetDependency section */

/* Begin PBXVariantGroup section */
		4703838824347E7500F7D1A3 /* LaunchScreen.storyboard */ = {
			isa = PBXVariantGroup;
			children = (
				4703838924347E7500F7D1A3 /* Base */,
			);
			name = LaunchScreen.storyboard;
			sourceTree = "<group>";
		};
/* End PBXVariantGroup section */

/* Begin XCBuildConfiguration section */
		470383A224347E7500F7D1A3 /* Debug */ = {
			isa = XCBuildConfiguration;
			buildSettings = {
				ALWAYS_SEARCH_USER_PATHS = NO;
				CLANG_ANALYZER_NONNULL = YES;
				CLANG_ANALYZER_NUMBER_OBJECT_CONVERSION = YES_AGGRESSIVE;
				CLANG_CXX_LANGUAGE_STANDARD = "gnu++14";
				CLANG_CXX_LIBRARY = "libc++";
				CLANG_ENABLE_MODULES = YES;
				CLANG_ENABLE_OBJC_ARC = YES;
				CLANG_ENABLE_OBJC_WEAK = YES;
				CLANG_WARN_BLOCK_CAPTURE_AUTORELEASING = YES;
				CLANG_WARN_BOOL_CONVERSION = YES;
				CLANG_WARN_COMMA = YES;
				CLANG_WARN_CONSTANT_CONVERSION = YES;
				CLANG_WARN_DEPRECATED_OBJC_IMPLEMENTATIONS = YES;
				CLANG_WARN_DIRECT_OBJC_ISA_USAGE = YES_ERROR;
				CLANG_WARN_DOCUMENTATION_COMMENTS = YES;
				CLANG_WARN_EMPTY_BODY = YES;
				CLANG_WARN_ENUM_CONVERSION = YES;
				CLANG_WARN_INFINITE_RECURSION = YES;
				CLANG_WARN_INT_CONVERSION = YES;
				CLANG_WARN_NON_LITERAL_NULL_CONVERSION = YES;
				CLANG_WARN_OBJC_IMPLICIT_RETAIN_SELF = YES;
				CLANG_WARN_OBJC_LITERAL_CONVERSION = YES;
				CLANG_WARN_OBJC_ROOT_CLASS = YES_ERROR;
				CLANG_WARN_RANGE_LOOP_ANALYSIS = YES;
				CLANG_WARN_STRICT_PROTOTYPES = YES;
				CLANG_WARN_SUSPICIOUS_MOVE = YES;
				CLANG_WARN_UNGUARDED_AVAILABILITY = YES_AGGRESSIVE;
				CLANG_WARN_UNREACHABLE_CODE = YES;
				CLANG_WARN__DUPLICATE_METHOD_MATCH = YES;
				COPY_PHASE_STRIP = NO;
				DEBUG_INFORMATION_FORMAT = dwarf;
				ENABLE_STRICT_OBJC_MSGSEND = YES;
				ENABLE_TESTABILITY = YES;
				GCC_C_LANGUAGE_STANDARD = gnu11;
				GCC_DYNAMIC_NO_PIC = NO;
				GCC_NO_COMMON_BLOCKS = YES;
				GCC_OPTIMIZATION_LEVEL = 0;
				GCC_PREPROCESSOR_DEFINITIONS = (
					"DEBUG=1",
					"$(inherited)",
				);
				GCC_WARN_64_TO_32_BIT_CONVERSION = YES;
				GCC_WARN_ABOUT_RETURN_TYPE = YES_ERROR;
				GCC_WARN_UNDECLARED_SELECTOR = YES;
				GCC_WARN_UNINITIALIZED_AUTOS = YES_AGGRESSIVE;
				GCC_WARN_UNUSED_FUNCTION = YES;
				GCC_WARN_UNUSED_VARIABLE = YES;
				IPHONEOS_DEPLOYMENT_TARGET = 13.2;
				MTL_ENABLE_DEBUG_INFO = INCLUDE_SOURCE;
				MTL_FAST_MATH = YES;
				ONLY_ACTIVE_ARCH = YES;
				SDKROOT = iphoneos;
				SWIFT_ACTIVE_COMPILATION_CONDITIONS = DEBUG;
				SWIFT_OPTIMIZATION_LEVEL = "-Onone";
			};
			name = Debug;
		};
		470383A324347E7500F7D1A3 /* Release */ = {
			isa = XCBuildConfiguration;
			buildSettings = {
				ALWAYS_SEARCH_USER_PATHS = NO;
				CLANG_ANALYZER_NONNULL = YES;
				CLANG_ANALYZER_NUMBER_OBJECT_CONVERSION = YES_AGGRESSIVE;
				CLANG_CXX_LANGUAGE_STANDARD = "gnu++14";
				CLANG_CXX_LIBRARY = "libc++";
				CLANG_ENABLE_MODULES = YES;
				CLANG_ENABLE_OBJC_ARC = YES;
				CLANG_ENABLE_OBJC_WEAK = YES;
				CLANG_WARN_BLOCK_CAPTURE_AUTORELEASING = YES;
				CLANG_WARN_BOOL_CONVERSION = YES;
				CLANG_WARN_COMMA = YES;
				CLANG_WARN_CONSTANT_CONVERSION = YES;
				CLANG_WARN_DEPRECATED_OBJC_IMPLEMENTATIONS = YES;
				CLANG_WARN_DIRECT_OBJC_ISA_USAGE = YES_ERROR;
				CLANG_WARN_DOCUMENTATION_COMMENTS = YES;
				CLANG_WARN_EMPTY_BODY = YES;
				CLANG_WARN_ENUM_CONVERSION = YES;
				CLANG_WARN_INFINITE_RECURSION = YES;
				CLANG_WARN_INT_CONVERSION = YES;
				CLANG_WARN_NON_LITERAL_NULL_CONVERSION = YES;
				CLANG_WARN_OBJC_IMPLICIT_RETAIN_SELF = YES;
				CLANG_WARN_OBJC_LITERAL_CONVERSION = YES;
				CLANG_WARN_OBJC_ROOT_CLASS = YES_ERROR;
				CLANG_WARN_RANGE_LOOP_ANALYSIS = YES;
				CLANG_WARN_STRICT_PROTOTYPES = YES;
				CLANG_WARN_SUSPICIOUS_MOVE = YES;
				CLANG_WARN_UNGUARDED_AVAILABILITY = YES_AGGRESSIVE;
				CLANG_WARN_UNREACHABLE_CODE = YES;
				CLANG_WARN__DUPLICATE_METHOD_MATCH = YES;
				COPY_PHASE_STRIP = NO;
				DEBUG_INFORMATION_FORMAT = "dwarf-with-dsym";
				ENABLE_NS_ASSERTIONS = NO;
				ENABLE_STRICT_OBJC_MSGSEND = YES;
				GCC_C_LANGUAGE_STANDARD = gnu11;
				GCC_NO_COMMON_BLOCKS = YES;
				GCC_WARN_64_TO_32_BIT_CONVERSION = YES;
				GCC_WARN_ABOUT_RETURN_TYPE = YES_ERROR;
				GCC_WARN_UNDECLARED_SELECTOR = YES;
				GCC_WARN_UNINITIALIZED_AUTOS = YES_AGGRESSIVE;
				GCC_WARN_UNUSED_FUNCTION = YES;
				GCC_WARN_UNUSED_VARIABLE = YES;
				IPHONEOS_DEPLOYMENT_TARGET = 13.2;
				MTL_ENABLE_DEBUG_INFO = NO;
				MTL_FAST_MATH = YES;
				SDKROOT = iphoneos;
				SWIFT_COMPILATION_MODE = wholemodule;
				SWIFT_OPTIMIZATION_LEVEL = "-O";
				VALIDATE_PRODUCT = YES;
			};
			name = Release;
		};
		470383A524347E7500F7D1A3 /* Debug */ = {
			isa = XCBuildConfiguration;
			buildSettings = {
				ASSETCATALOG_COMPILER_APPICON_NAME = AppIcon;
				CODE_SIGN_STYLE = Automatic;
				DEVELOPMENT_ASSET_PATHS = "\"SwiftUIDamo/Preview Content\"";
				DEVELOPMENT_TEAM = RB29W73W6R;
				ENABLE_PREVIEWS = YES;
				INFOPLIST_FILE = SwiftUIDamo/Info.plist;
				LD_RUNPATH_SEARCH_PATHS = (
					"$(inherited)",
					"@executable_path/Frameworks",
				);
				PRODUCT_BUNDLE_IDENTIFIER = com.hungryloin.SwiftUIDamo;
				PRODUCT_NAME = "$(TARGET_NAME)";
				SWIFT_VERSION = 5.0;
				TARGETED_DEVICE_FAMILY = "1,2";
			};
			name = Debug;
		};
		470383A624347E7500F7D1A3 /* Release */ = {
			isa = XCBuildConfiguration;
			buildSettings = {
				ASSETCATALOG_COMPILER_APPICON_NAME = AppIcon;
				CODE_SIGN_STYLE = Automatic;
				DEVELOPMENT_ASSET_PATHS = "\"SwiftUIDamo/Preview Content\"";
				DEVELOPMENT_TEAM = RB29W73W6R;
				ENABLE_PREVIEWS = YES;
				INFOPLIST_FILE = SwiftUIDamo/Info.plist;
				LD_RUNPATH_SEARCH_PATHS = (
					"$(inherited)",
					"@executable_path/Frameworks",
				);
				PRODUCT_BUNDLE_IDENTIFIER = com.hungryloin.SwiftUIDamo;
				PRODUCT_NAME = "$(TARGET_NAME)";
				SWIFT_VERSION = 5.0;
				TARGETED_DEVICE_FAMILY = "1,2";
			};
			name = Release;
		};
		470383A824347E7500F7D1A3 /* Debug */ = {
			isa = XCBuildConfiguration;
			buildSettings = {
				ALWAYS_EMBED_SWIFT_STANDARD_LIBRARIES = YES;
				BUNDLE_LOADER = "$(TEST_HOST)";
				CODE_SIGN_STYLE = Automatic;
				DEVELOPMENT_TEAM = RB29W73W6R;
				INFOPLIST_FILE = SwiftUIDamoTests/Info.plist;
				IPHONEOS_DEPLOYMENT_TARGET = 13.2;
				LD_RUNPATH_SEARCH_PATHS = (
					"$(inherited)",
					"@executable_path/Frameworks",
					"@loader_path/Frameworks",
				);
				PRODUCT_BUNDLE_IDENTIFIER = com.hungryloin.SwiftUIDamoTests;
				PRODUCT_NAME = "$(TARGET_NAME)";
				SWIFT_VERSION = 5.0;
				TARGETED_DEVICE_FAMILY = "1,2";
				TEST_HOST = "$(BUILT_PRODUCTS_DIR)/SwiftUIDamo.app/SwiftUIDamo";
			};
			name = Debug;
		};
		470383A924347E7500F7D1A3 /* Release */ = {
			isa = XCBuildConfiguration;
			buildSettings = {
				ALWAYS_EMBED_SWIFT_STANDARD_LIBRARIES = YES;
				BUNDLE_LOADER = "$(TEST_HOST)";
				CODE_SIGN_STYLE = Automatic;
				DEVELOPMENT_TEAM = RB29W73W6R;
				INFOPLIST_FILE = SwiftUIDamoTests/Info.plist;
				IPHONEOS_DEPLOYMENT_TARGET = 13.2;
				LD_RUNPATH_SEARCH_PATHS = (
					"$(inherited)",
					"@executable_path/Frameworks",
					"@loader_path/Frameworks",
				);
				PRODUCT_BUNDLE_IDENTIFIER = com.hungryloin.SwiftUIDamoTests;
				PRODUCT_NAME = "$(TARGET_NAME)";
				SWIFT_VERSION = 5.0;
				TARGETED_DEVICE_FAMILY = "1,2";
				TEST_HOST = "$(BUILT_PRODUCTS_DIR)/SwiftUIDamo.app/SwiftUIDamo";
			};
			name = Release;
		};
		470383AB24347E7500F7D1A3 /* Debug */ = {
			isa = XCBuildConfiguration;
			buildSettings = {
				ALWAYS_EMBED_SWIFT_STANDARD_LIBRARIES = YES;
				CODE_SIGN_STYLE = Automatic;
				DEVELOPMENT_TEAM = RB29W73W6R;
				INFOPLIST_FILE = SwiftUIDamoUITests/Info.plist;
				LD_RUNPATH_SEARCH_PATHS = (
					"$(inherited)",
					"@executable_path/Frameworks",
					"@loader_path/Frameworks",
				);
				PRODUCT_BUNDLE_IDENTIFIER = com.hungryloin.SwiftUIDamoUITests;
				PRODUCT_NAME = "$(TARGET_NAME)";
				SWIFT_VERSION = 5.0;
				TARGETED_DEVICE_FAMILY = "1,2";
				TEST_TARGET_NAME = SwiftUIDamo;
			};
			name = Debug;
		};
		470383AC24347E7500F7D1A3 /* Release */ = {
			isa = XCBuildConfiguration;
			buildSettings = {
				ALWAYS_EMBED_SWIFT_STANDARD_LIBRARIES = YES;
				CODE_SIGN_STYLE = Automatic;
				DEVELOPMENT_TEAM = RB29W73W6R;
				INFOPLIST_FILE = SwiftUIDamoUITests/Info.plist;
				LD_RUNPATH_SEARCH_PATHS = (
					"$(inherited)",
					"@executable_path/Frameworks",
					"@loader_path/Frameworks",
				);
				PRODUCT_BUNDLE_IDENTIFIER = com.hungryloin.SwiftUIDamoUITests;
				PRODUCT_NAME = "$(TARGET_NAME)";
				SWIFT_VERSION = 5.0;
				TARGETED_DEVICE_FAMILY = "1,2";
				TEST_TARGET_NAME = SwiftUIDamo;
			};
			name = Release;
		};
/* End XCBuildConfiguration section */

/* Begin XCConfigurationList section */
		4703837524347E6F00F7D1A3 /* Build configuration list for PBXProject "SwiftUIDamo" */ = {
			isa = XCConfigurationList;
			buildConfigurations = (
				470383A224347E7500F7D1A3 /* Debug */,
				470383A324347E7500F7D1A3 /* Release */,
			);
			defaultConfigurationIsVisible = 0;
			defaultConfigurationName = Release;
		};
		470383A424347E7500F7D1A3 /* Build configuration list for PBXNativeTarget "SwiftUIDamo" */ = {
			isa = XCConfigurationList;
			buildConfigurations = (
				470383A524347E7500F7D1A3 /* Debug */,
				470383A624347E7500F7D1A3 /* Release */,
			);
			defaultConfigurationIsVisible = 0;
			defaultConfigurationName = Release;
		};
		470383A724347E7500F7D1A3 /* Build configuration list for PBXNativeTarget "SwiftUIDamoTests" */ = {
			isa = XCConfigurationList;
			buildConfigurations = (
				470383A824347E7500F7D1A3 /* Debug */,
				470383A924347E7500F7D1A3 /* Release */,
			);
			defaultConfigurationIsVisible = 0;
			defaultConfigurationName = Release;
		};
		470383AA24347E7500F7D1A3 /* Build configuration list for PBXNativeTarget "SwiftUIDamoUITests" */ = {
			isa = XCConfigurationList;
			buildConfigurations = (
				470383AB24347E7500F7D1A3 /* Debug */,
				470383AC24347E7500F7D1A3 /* Release */,
			);
			defaultConfigurationIsVisible = 0;
			defaultConfigurationName = Release;
		};
/* End XCConfigurationList section */
	};
	rootObject = 4703837224347E6F00F7D1A3 /* Project object */;
}
